
Microsoft Visual Studio Solution File, Format Version 12.00
# Visual Studio Version 17
VisualStudioVersion = 17.5.002.0
MinimumVisualStudioVersion = 10.0.40219.1
Project("{2150E333-8FDC-42A3-9474-1A3956D46DE8}") = "csharp-prep", "csharp-prep", "{9D1A4DEE-BB5F-4AB4-AC80-07EEE7BF1223}"
EndProject
Project("{9A19103F-16F7-4668-BE54-9A1E7A4F7556}") = "Prep1", "csharp-prep\Prep1\Prep1.csproj", "{5E2481B2-CC6F-46EF-9EAC-0E67F48E0555}"
EndProject
Project("{9A19103F-16F7-4668-BE54-9A1E7A4F7556}") = "Prep2", "csharp-prep\Prep2\Prep2.csproj", "{9C5A2DD9-8D9C-456C-861D-53A92A8E3D3A}"
EndProject
Project("{9A19103F-16F7-4668-BE54-9A1E7A4F7556}") = "Prep3", "csharp-prep\Prep3\Prep3.csproj", "{252A6BC9-F27D-44A2-A2C8-5C5EB874829C}"
EndProject
Project("{9A19103F-16F7-4668-BE54-9A1E7A4F7556}") = "Prep4", "csharp-prep\Prep4\Prep4.csproj", "{1258A5E3-73F7-49ED-A814-4236819B9823}"
EndProject
Project("{9A19103F-16F7-4668-BE54-9A1E7A4F7556}") = "Prep5", "csharp-prep\Prep5\Prep5.csproj", "{8EAFD22D-8FCF-404A-83BA-B5DD8957F2BE}"
EndProject
Project("{2150E333-8FDC-42A3-9474-1A3956D46DE8}") = "final", "final", "{A5D3456D-9D83-4F3B-ACF7-3DE9096049C7}"
EndProject
Project("{9A19103F-16F7-4668-BE54-9A1E7A4F7556}") = "FinalProject", "final\FinalProject\FinalProject.csproj", "{5B0D37B1-5D91-4E38-9B7E-9561D7EB3391}"
EndProject
Project("{9A19103F-16F7-4668-BE54-9A1E7A4F7556}") = "Foundation1", "final\Foundation1\Foundation1.csproj", "{A4C87798-BD66-45DA-8FAE-A837600AA8F9}"
EndProject
Project("{9A19103F-16F7-4668-BE54-9A1E7A4F7556}") = "Foundation2", "final\Foundation2\Foundation2.csproj", "{317394B4-AB2F-4B4E-81F7-BBA6F3AD9D31}"
EndProject
Project("{9A19103F-16F7-4668-BE54-9A1E7A4F7556}") = "Foundation3", "final\Foundation3\Foundation3.csproj", "{4D400ED3-71FA-4B34-B758-12ED31DEA015}"
EndProject
Project("{9A19103F-16F7-4668-BE54-9A1E7A4F7556}") = "Foundation4", "final\Foundation4\Foundation4.csproj", "{9CE3EB4E-A2EB-41B8-91D3-F3DFD06239A3}"
EndProject
Project("{2150E333-8FDC-42A3-9474-1A3956D46DE8}") = "prepare", "prepare", "{C7BBB457-D8D9-4319-9A28-7760FE38A940}"
EndProject
Project("{9A19103F-16F7-4668-BE54-9A1E7A4F7556}") = "Learning02", "prepare\Learning02\Learning02.csproj", "{FACA9B2D-80FD-4588-960D-2917A8270C5F}"
EndProject
Project("{9A19103F-16F7-4668-BE54-9A1E7A4F7556}") = "Learning03", "prepare\Learning03\Learning03.csproj", "{78334E8C-1733-4399-8C86-85B56FA40338}"
EndProject
Project("{9A19103F-16F7-4668-BE54-9A1E7A4F7556}") = "Learning04", "prepare\Learning04\Learning04.csproj", "{87C23F0C-19EA-4315-9FE9-E480A3355D89}"
EndProject
Project("{9A19103F-16F7-4668-BE54-9A1E7A4F7556}") = "Learning05", "prepare\Learning05\Learning05.csproj", "{1B5364E4-EED2-40D1-9312-F591CA83BAEC}"
EndProject
Project("{2150E333-8FDC-42A3-9474-1A3956D46DE8}") = "prove", "prove", "{B542A780-6052-49C9-9DF6-60E9D597B297}"
EndProject
Project("{9A19103F-16F7-4668-BE54-9A1E7A4F7556}") = "Develop02", "prove\Develop02\Develop02.csproj", "{4096A72A-A966-4B7B-825A-B7215B0FB295}"
EndProject
Project("{9A19103F-16F7-4668-BE54-9A1E7A4F7556}") = "Develop03", "prove\Develop03\Develop03.csproj", "{5BA193A5-C3F2-435A-B941-EDA9E49C9457}"
EndProject
Project("{9A19103F-16F7-4668-BE54-9A1E7A4F7556}") = "Develop04", "prove\Develop04\Develop04.csproj", "{8AEF429C-5D4E-4185-9BA8-5376A63F4974}"
EndProject
Project("{9A19103F-16F7-4668-BE54-9A1E7A4F7556}") = "Develop05", "prove\Develop05\Develop05.csproj", "{295CE494-6807-44F9-975B-5E9C91BCE10A}"
EndProject
Project("{2150E333-8FDC-42A3-9474-1A3956D46DE8}") = "sandbox", "sandbox", "{A6AE8598-EEBF-4FAB-8F43-2FF578652EBB}"
EndProject
Project("{9A19103F-16F7-4668-BE54-9A1E7A4F7556}") = "Sandbox", "sandbox\Sandbox\Sandbox.csproj", "{4FEFEB55-E5D1-4E8B-AC8E-CDAA2B17A2AE}"
EndProject
Global
	GlobalSection(SolutionConfigurationPlatforms) = preSolution
		Debug|Any CPU = Debug|Any CPU
		Release|Any CPU = Release|Any CPU
	EndGlobalSection
	GlobalSection(ProjectConfigurationPlatforms) = postSolution
		{5E2481B2-CC6F-46EF-9EAC-0E67F48E0555}.Debug|Any CPU.ActiveCfg = Debug|Any CPU
		{5E2481B2-CC6F-46EF-9EAC-0E67F48E0555}.Debug|Any CPU.Build.0 = Debug|Any CPU
		{5E2481B2-CC6F-46EF-9EAC-0E67F48E0555}.Release|Any CPU.ActiveCfg = Release|Any CPU
		{5E2481B2-CC6F-46EF-9EAC-0E67F48E0555}.Release|Any CPU.Build.0 = Release|Any CPU
		{9C5A2DD9-8D9C-456C-861D-53A92A8E3D3A}.Debug|Any CPU.ActiveCfg = Debug|Any CPU
		{9C5A2DD9-8D9C-456C-861D-53A92A8E3D3A}.Debug|Any CPU.Build.0 = Debug|Any CPU
		{9C5A2DD9-8D9C-456C-861D-53A92A8E3D3A}.Release|Any CPU.ActiveCfg = Release|Any CPU
		{9C5A2DD9-8D9C-456C-861D-53A92A8E3D3A}.Release|Any CPU.Build.0 = Release|Any CPU
		{252A6BC9-F27D-44A2-A2C8-5C5EB874829C}.Debug|Any CPU.ActiveCfg = Debug|Any CPU
		{252A6BC9-F27D-44A2-A2C8-5C5EB874829C}.Debug|Any CPU.Build.0 = Debug|Any CPU
		{252A6BC9-F27D-44A2-A2C8-5C5EB874829C}.Release|Any CPU.ActiveCfg = Release|Any CPU
		{252A6BC9-F27D-44A2-A2C8-5C5EB874829C}.Release|Any CPU.Build.0 = Release|Any CPU
		{1258A5E3-73F7-49ED-A814-4236819B9823}.Debug|Any CPU.ActiveCfg = Debug|Any CPU
		{1258A5E3-73F7-49ED-A814-4236819B9823}.Debug|Any CPU.Build.0 = Debug|Any CPU
		{1258A5E3-73F7-49ED-A814-4236819B9823}.Release|Any CPU.ActiveCfg = Release|Any CPU
		{1258A5E3-73F7-49ED-A814-4236819B9823}.Release|Any CPU.Build.0 = Release|Any CPU
		{8EAFD22D-8FCF-404A-83BA-B5DD8957F2BE}.Debug|Any CPU.ActiveCfg = Debug|Any CPU
		{8EAFD22D-8FCF-404A-83BA-B5DD8957F2BE}.Debug|Any CPU.Build.0 = Debug|Any CPU
		{8EAFD22D-8FCF-404A-83BA-B5DD8957F2BE}.Release|Any CPU.ActiveCfg = Release|Any CPU
		{8EAFD22D-8FCF-404A-83BA-B5DD8957F2BE}.Release|Any CPU.Build.0 = Release|Any CPU
		{5B0D37B1-5D91-4E38-9B7E-9561D7EB3391}.Debug|Any CPU.ActiveCfg = Debug|Any CPU
		{5B0D37B1-5D91-4E38-9B7E-9561D7EB3391}.Debug|Any CPU.Build.0 = Debug|Any CPU
		{5B0D37B1-5D91-4E38-9B7E-9561D7EB3391}.Release|Any CPU.ActiveCfg = Release|Any CPU
		{5B0D37B1-5D91-4E38-9B7E-9561D7EB3391}.Release|Any CPU.Build.0 = Release|Any CPU
		{A4C87798-BD66-45DA-8FAE-A837600AA8F9}.Debug|Any CPU.ActiveCfg = Debug|Any CPU
		{A4C87798-BD66-45DA-8FAE-A837600AA8F9}.Debug|Any CPU.Build.0 = Debug|Any CPU
		{A4C87798-BD66-45DA-8FAE-A837600AA8F9}.Release|Any CPU.ActiveCfg = Release|Any CPU
		{A4C87798-BD66-45DA-8FAE-A837600AA8F9}.Release|Any CPU.Build.0 = Release|Any CPU
		{317394B4-AB2F-4B4E-81F7-BBA6F3AD9D31}.Debug|Any CPU.ActiveCfg = Debug|Any CPU
		{317394B4-AB2F-4B4E-81F7-BBA6F3AD9D31}.Debug|Any CPU.Build.0 = Debug|Any CPU
		{317394B4-AB2F-4B4E-81F7-BBA6F3AD9D31}.Release|Any CPU.ActiveCfg = Release|Any CPU
		{317394B4-AB2F-4B4E-81F7-BBA6F3AD9D31}.Release|Any CPU.Build.0 = Release|Any CPU
		{4D400ED3-71FA-4B34-B758-12ED31DEA015}.Debug|Any CPU.ActiveCfg = Debug|Any CPU
		{4D400ED3-71FA-4B34-B758-12ED31DEA015}.Debug|Any CPU.Build.0 = Debug|Any CPU
		{4D400ED3-71FA-4B34-B758-12ED31DEA015}.Release|Any CPU.ActiveCfg = Release|Any CPU
		{4D400ED3-71FA-4B34-B758-12ED31DEA015}.Release|Any CPU.Build.0 = Release|Any CPU
		{9CE3EB4E-A2EB-41B8-91D3-F3DFD06239A3}.Debug|Any CPU.ActiveCfg = Debug|Any CPU
		{9CE3EB4E-A2EB-41B8-91D3-F3DFD06239A3}.Debug|Any CPU.Build.0 = Debug|Any CPU
		{9CE3EB4E-A2EB-41B8-91D3-F3DFD06239A3}.Release|Any CPU.ActiveCfg = Release|Any CPU
		{9CE3EB4E-A2EB-41B8-91D3-F3DFD06239A3}.Release|Any CPU.Build.0 = Release|Any CPU
		{FACA9B2D-80FD-4588-960D-2917A8270C5F}.Debug|Any CPU.ActiveCfg = Debug|Any CPU
		{FACA9B2D-80FD-4588-960D-2917A8270C5F}.Debug|Any CPU.Build.0 = Debug|Any CPU
		{FACA9B2D-80FD-4588-960D-2917A8270C5F}.Release|Any CPU.ActiveCfg = Release|Any CPU
		{FACA9B2D-80FD-4588-960D-2917A8270C5F}.Release|Any CPU.Build.0 = Release|Any CPU
		{78334E8C-1733-4399-8C86-85B56FA40338}.Debug|Any CPU.ActiveCfg = Debug|Any CPU
		{78334E8C-1733-4399-8C86-85B56FA40338}.Debug|Any CPU.Build.0 = Debug|Any CPU
		{78334E8C-1733-4399-8C86-85B56FA40338}.Release|Any CPU.ActiveCfg = Release|Any CPU
		{78334E8C-1733-4399-8C86-85B56FA40338}.Release|Any CPU.Build.0 = Release|Any CPU
		{87C23F0C-19EA-4315-9FE9-E480A3355D89}.Debug|Any CPU.ActiveCfg = Debug|Any CPU
		{87C23F0C-19EA-4315-9FE9-E480A3355D89}.Debug|Any CPU.Build.0 = Debug|Any CPU
		{87C23F0C-19EA-4315-9FE9-E480A3355D89}.Release|Any CPU.ActiveCfg = Release|Any CPU
		{87C23F0C-19EA-4315-9FE9-E480A3355D89}.Release|Any CPU.Build.0 = Release|Any CPU
		{1B5364E4-EED2-40D1-9312-F591CA83BAEC}.Debug|Any CPU.ActiveCfg = Debug|Any CPU
		{1B5364E4-EED2-40D1-9312-F591CA83BAEC}.Debug|Any CPU.Build.0 = Debug|Any CPU
		{1B5364E4-EED2-40D1-9312-F591CA83BAEC}.Release|Any CPU.ActiveCfg = Release|Any CPU
		{1B5364E4-EED2-40D1-9312-F591CA83BAEC}.Release|Any CPU.Build.0 = Release|Any CPU
		{4096A72A-A966-4B7B-825A-B7215B0FB295}.Debug|Any CPU.ActiveCfg = Debug|Any CPU
		{4096A72A-A966-4B7B-825A-B7215B0FB295}.Debug|Any CPU.Build.0 = Debug|Any CPU
		{4096A72A-A966-4B7B-825A-B7215B0FB295}.Release|Any CPU.ActiveCfg = Release|Any CPU
		{4096A72A-A966-4B7B-825A-B7215B0FB295}.Release|Any CPU.Build.0 = Release|Any CPU
		{5BA193A5-C3F2-435A-B941-EDA9E49C9457}.Debug|Any CPU.ActiveCfg = Debug|Any CPU
		{5BA193A5-C3F2-435A-B941-EDA9E49C9457}.Debug|Any CPU.Build.0 = Debug|Any CPU
		{5BA193A5-C3F2-435A-B941-EDA9E49C9457}.Release|Any CPU.ActiveCfg = Release|Any CPU
		{5BA193A5-C3F2-435A-B941-EDA9E49C9457}.Release|Any CPU.Build.0 = Release|Any CPU
		{8AEF429C-5D4E-4185-9BA8-5376A63F4974}.Debug|Any CPU.ActiveCfg = Debug|Any CPU
		{8AEF429C-5D4E-4185-9BA8-5376A63F4974}.Debug|Any CPU.Build.0 = Debug|Any CPU
		{8AEF429C-5D4E-4185-9BA8-5376A63F4974}.Release|Any CPU.ActiveCfg = Release|Any CPU
		{8AEF429C-5D4E-4185-9BA8-5376A63F4974}.Release|Any CPU.Build.0 = Release|Any CPU
		{295CE494-6807-44F9-975B-5E9C91BCE10A}.Debug|Any CPU.ActiveCfg = Debug|Any CPU
		{295CE494-6807-44F9-975B-5E9C91BCE10A}.Debug|Any CPU.Build.0 = Debug|Any CPU
		{295CE494-6807-44F9-975B-5E9C91BCE10A}.Release|Any CPU.ActiveCfg = Release|Any CPU
		{295CE494-6807-44F9-975B-5E9C91BCE10A}.Release|Any CPU.Build.0 = Release|Any CPU
		{4FEFEB55-E5D1-4E8B-AC8E-CDAA2B17A2AE}.Debug|Any CPU.ActiveCfg = Debug|Any CPU
		{4FEFEB55-E5D1-4E8B-AC8E-CDAA2B17A2AE}.Debug|Any CPU.Build.0 = Debug|Any CPU
		{4FEFEB55-E5D1-4E8B-AC8E-CDAA2B17A2AE}.Release|Any CPU.ActiveCfg = Release|Any CPU
		{4FEFEB55-E5D1-4E8B-AC8E-CDAA2B17A2AE}.Release|Any CPU.Build.0 = Release|Any CPU
	EndGlobalSection
	GlobalSection(SolutionProperties) = preSolution
		HideSolutionNode = FALSE
	EndGlobalSection
	GlobalSection(NestedProjects) = preSolution
		{5E2481B2-CC6F-46EF-9EAC-0E67F48E0555} = {9D1A4DEE-BB5F-4AB4-AC80-07EEE7BF1223}
		{9C5A2DD9-8D9C-456C-861D-53A92A8E3D3A} = {9D1A4DEE-BB5F-4AB4-AC80-07EEE7BF1223}
		{252A6BC9-F27D-44A2-A2C8-5C5EB874829C} = {9D1A4DEE-BB5F-4AB4-AC80-07EEE7BF1223}
		{1258A5E3-73F7-49ED-A814-4236819B9823} = {9D1A4DEE-BB5F-4AB4-AC80-07EEE7BF1223}
		{8EAFD22D-8FCF-404A-83BA-B5DD8957F2BE} = {9D1A4DEE-BB5F-4AB4-AC80-07EEE7BF1223}
		{5B0D37B1-5D91-4E38-9B7E-9561D7EB3391} = {A5D3456D-9D83-4F3B-ACF7-3DE9096049C7}
		{A4C87798-BD66-45DA-8FAE-A837600AA8F9} = {A5D3456D-9D83-4F3B-ACF7-3DE9096049C7}
		{317394B4-AB2F-4B4E-81F7-BBA6F3AD9D31} = {A5D3456D-9D83-4F3B-ACF7-3DE9096049C7}
		{4D400ED3-71FA-4B34-B758-12ED31DEA015} = {A5D3456D-9D83-4F3B-ACF7-3DE9096049C7}
		{9CE3EB4E-A2EB-41B8-91D3-F3DFD06239A3} = {A5D3456D-9D83-4F3B-ACF7-3DE9096049C7}
		{FACA9B2D-80FD-4588-960D-2917A8270C5F} = {C7BBB457-D8D9-4319-9A28-7760FE38A940}
		{78334E8C-1733-4399-8C86-85B56FA40338} = {C7BBB457-D8D9-4319-9A28-7760FE38A940}
		{87C23F0C-19EA-4315-9FE9-E480A3355D89} = {C7BBB457-D8D9-4319-9A28-7760FE38A940}
		{1B5364E4-EED2-40D1-9312-F591CA83BAEC} = {C7BBB457-D8D9-4319-9A28-7760FE38A940}
		{4096A72A-A966-4B7B-825A-B7215B0FB295} = {B542A780-6052-49C9-9DF6-60E9D597B297}
		{5BA193A5-C3F2-435A-B941-EDA9E49C9457} = {B542A780-6052-49C9-9DF6-60E9D597B297}
		{8AEF429C-5D4E-4185-9BA8-5376A63F4974} = {B542A780-6052-49C9-9DF6-60E9D597B297}
		{295CE494-6807-44F9-975B-5E9C91BCE10A} = {B542A780-6052-49C9-9DF6-60E9D597B297}
		{4FEFEB55-E5D1-4E8B-AC8E-CDAA2B17A2AE} = {A6AE8598-EEBF-4FAB-8F43-2FF578652EBB}
	EndGlobalSection
	GlobalSection(ExtensibilityGlobals) = postSolution
		SolutionGuid = {20BCFCED-2DD5-44C2-97AD-F2B2C282B8E0}
	EndGlobalSection
EndGlobal
